
Microsoft Visual Studio Solution File, Format Version 12.00
# Visual Studio 15
VisualStudioVersion = 15.0.27130.2026
MinimumVisualStudioVersion = 10.0.40219.1
Project("{FAE04EC0-301F-11D3-BF4B-00C04F79EFBC}") = "Service", "Service\Service.csproj", "{6446A31E-1955-4BE2-8A5D-8170FB98EFD7}"
EndProject
Project("{FAE04EC0-301F-11D3-BF4B-00C04F79EFBC}") = "ServiceDebugging", "ServiceDebugging\ServiceDebugging.csproj", "{BB8878F1-59A6-407A-B006-13200AF17CF8}"
EndProject
Project("{54435603-DBB4-11D2-8724-00A0C9A8B90C}") = "TechPubsCrawlerInstaller", "ServiceInstaller\TechPubsCrawlerInstaller.vdproj", "{4B2D9702-E15B-4F13-9E23-F2CB4CE1E772}"
EndProject
Project("{FAE04EC0-301F-11D3-BF4B-00C04F79EFBC}") = "ServiceTests", "Tests\ServiceTests.csproj", "{516F6FBD-5950-4442-9A74-9CD84EE71FE9}"
EndProject
Global
	GlobalSection(SolutionConfigurationPlatforms) = preSolution
		Debug|Any CPU = Debug|Any CPU
		Release|Any CPU = Release|Any CPU
	EndGlobalSection
	GlobalSection(ProjectConfigurationPlatforms) = postSolution
		{6446A31E-1955-4BE2-8A5D-8170FB98EFD7}.Debug|Any CPU.ActiveCfg = Release|Any CPU
		{6446A31E-1955-4BE2-8A5D-8170FB98EFD7}.Debug|Any CPU.Build.0 = Release|Any CPU
		{6446A31E-1955-4BE2-8A5D-8170FB98EFD7}.Release|Any CPU.ActiveCfg = Release|Any CPU
		{6446A31E-1955-4BE2-8A5D-8170FB98EFD7}.Release|Any CPU.Build.0 = Release|Any CPU
		{BB8878F1-59A6-407A-B006-13200AF17CF8}.Debug|Any CPU.ActiveCfg = Debug|Any CPU
		{BB8878F1-59A6-407A-B006-13200AF17CF8}.Debug|Any CPU.Build.0 = Debug|Any CPU
		{BB8878F1-59A6-407A-B006-13200AF17CF8}.Release|Any CPU.ActiveCfg = Release|Any CPU
		{BB8878F1-59A6-407A-B006-13200AF17CF8}.Release|Any CPU.Build.0 = Release|Any CPU
		{4B2D9702-E15B-4F13-9E23-F2CB4CE1E772}.Debug|Any CPU.ActiveCfg = Debug
		{4B2D9702-E15B-4F13-9E23-F2CB4CE1E772}.Debug|Any CPU.Build.0 = Debug
		{4B2D9702-E15B-4F13-9E23-F2CB4CE1E772}.Release|Any CPU.ActiveCfg = Release
		{4B2D9702-E15B-4F13-9E23-F2CB4CE1E772}.Release|Any CPU.Build.0 = Release
		{516F6FBD-5950-4442-9A74-9CD84EE71FE9}.Debug|Any CPU.ActiveCfg = Debug|Any CPU
		{516F6FBD-5950-4442-9A74-9CD84EE71FE9}.Debug|Any CPU.Build.0 = Debug|Any CPU
		{516F6FBD-5950-4442-9A74-9CD84EE71FE9}.Release|Any CPU.ActiveCfg = Release|Any CPU
		{516F6FBD-5950-4442-9A74-9CD84EE71FE9}.Release|Any CPU.Build.0 = Release|Any CPU
	EndGlobalSection
	GlobalSection(SolutionProperties) = preSolution
		HideSolutionNode = FALSE
	EndGlobalSection
	GlobalSection(ExtensibilityGlobals) = postSolution
		SolutionGuid = {03F702A2-0796-4A06-A829-B971CA215F63}
	EndGlobalSection
EndGlobal
